
Microsoft Visual Studio Solution File, Format Version 12.00
# Visual Studio Version 16
VisualStudioVersion = 16.0.28803.452
MinimumVisualStudioVersion = 15.0.26124.0
Project("{2150E333-8FDC-42A3-9474-1A3956D46DE8}") = "test", "test", "{4DABE59E-F29C-44CB-BA55-D80F6417D493}"
EndProject
Project("{2150E333-8FDC-42A3-9474-1A3956D46DE8}") = "src", "src", "{2170438C-D7CD-4B4D-93AA-5BEB652950CF}"
ProjectSection(SolutionItems) = preProject
	src\Directory.Build.props = src\Directory.Build.props
EndProjectSection
EndProject
Project("{2150E333-8FDC-42A3-9474-1A3956D46DE8}") = "misc", "misc", "{CF216984-8F3E-49F1-96F8-9394B6B3F4C4}"
	ProjectSection(SolutionItems) = preProject
		.gitignore = .gitignore
		.travis.yml = .travis.yml
		changelog.md = changelog.md
		dev_environment.md = dev_environment.md
		LICENSE = LICENSE
		publish-packages.sh = publish-packages.sh
		readme.md = readme.md
		run-tests.sh = run-tests.sh
	EndProjectSection
EndProject
Project("{9A19103F-16F7-4668-BE54-9A1E7A4F7556}") = "IdentityServer4.Contrib.Caching.Redis", "src\IdentityServer4.Contrib.Caching.Redis\IdentityServer4.Contrib.Caching.Redis.csproj", "{EFA93EDE-6E6C-4A71-A79C-71A204F55D8D}"
EndProject
Project("{9A19103F-16F7-4668-BE54-9A1E7A4F7556}") = "IdentityServer4.Contrib.Caching.Redis.Tests", "test\IdentityServer4.Contrib.Caching.Redis.Tests\IdentityServer4.Contrib.Caching.Redis.Tests.csproj", "{1A444C6B-26D1-471F-961F-57BA1F2A7444}"
EndProject
Global
	GlobalSection(SolutionConfigurationPlatforms) = preSolution
		Debug|Any CPU = Debug|Any CPU
		Release|Any CPU = Release|Any CPU
	EndGlobalSection
	GlobalSection(ProjectConfigurationPlatforms) = postSolution
		{EFA93EDE-6E6C-4A71-A79C-71A204F55D8D}.Debug|Any CPU.ActiveCfg = Debug|Any CPU
		{EFA93EDE-6E6C-4A71-A79C-71A204F55D8D}.Debug|Any CPU.Build.0 = Debug|Any CPU
		{EFA93EDE-6E6C-4A71-A79C-71A204F55D8D}.Release|Any CPU.ActiveCfg = Release|Any CPU
		{EFA93EDE-6E6C-4A71-A79C-71A204F55D8D}.Release|Any CPU.Build.0 = Release|Any CPU
		{1A444C6B-26D1-471F-961F-57BA1F2A7444}.Debug|Any CPU.ActiveCfg = Debug|Any CPU
		{1A444C6B-26D1-471F-961F-57BA1F2A7444}.Debug|Any CPU.Build.0 = Debug|Any CPU
		{1A444C6B-26D1-471F-961F-57BA1F2A7444}.Release|Any CPU.ActiveCfg = Release|Any CPU
		{1A444C6B-26D1-471F-961F-57BA1F2A7444}.Release|Any CPU.Build.0 = Release|Any CPU
	EndGlobalSection
	GlobalSection(SolutionProperties) = preSolution
		HideSolutionNode = FALSE
	EndGlobalSection
	GlobalSection(NestedProjects) = preSolution
		{EFA93EDE-6E6C-4A71-A79C-71A204F55D8D} = {2170438C-D7CD-4B4D-93AA-5BEB652950CF}
		{1A444C6B-26D1-471F-961F-57BA1F2A7444} = {4DABE59E-F29C-44CB-BA55-D80F6417D493}
	EndGlobalSection
	GlobalSection(ExtensibilityGlobals) = postSolution
		SolutionGuid = {896C28BA-F8CE-4857-B7CD-D2900A025696}
	EndGlobalSection
EndGlobal
